
Microsoft Visual Studio Solution File, Format Version 12.00
# Visual Studio Version 16
VisualStudioVersion = 16.0.30611.23
MinimumVisualStudioVersion = 10.0.40219.1
Project("{FAE04EC0-301F-11D3-BF4B-00C04F79EFBC}") = "Recursion1", "Recursion1.csproj", "{FAE2D20C-802C-40A8-8351-819F755DBBC5}"
EndProject
Global
	GlobalSection(SolutionConfigurationPlatforms) = preSolution
		Debug|Any CPU = Debug|Any CPU
		Release|Any CPU = Release|Any CPU
	EndGlobalSection
	GlobalSection(ProjectConfigurationPlatforms) = postSolution
		{FAE2D20C-802C-40A8-8351-819F755DBBC5}.Debug|Any CPU.ActiveCfg = Debug|Any CPU
		{FAE2D20C-802C-40A8-8351-819F755DBBC5}.Debug|Any CPU.Build.0 = Debug|Any CPU
		{FAE2D20C-802C-40A8-8351-819F755DBBC5}.Release|Any CPU.ActiveCfg = Release|Any CPU
		{FAE2D20C-802C-40A8-8351-819F755DBBC5}.Release|Any CPU.Build.0 = Release|Any CPU
	EndGlobalSection
	GlobalSection(SolutionProperties) = preSolution
		HideSolutionNode = FALSE
	EndGlobalSection
	GlobalSection(ExtensibilityGlobals) = postSolution
		SolutionGuid = {F11294C1-82B2-453A-87A3-888184FD1055}
	EndGlobalSection
EndGlobal
