
Microsoft Visual Studio Solution File, Format Version 12.00
# Visual Studio Version 16
VisualStudioVersion = 16.0.30517.126
MinimumVisualStudioVersion = 10.0.40219.1
Project("{FAE04EC0-301F-11D3-BF4B-00C04F79EFBC}") = "LSE", "LSE\LSE.csproj", "{2465BA51-06FC-44D3-88EF-FFCDA5AEA20B}"
EndProject
Global
	GlobalSection(SolutionConfigurationPlatforms) = preSolution
		Debug|Any CPU = Debug|Any CPU
		Release|Any CPU = Release|Any CPU
	EndGlobalSection
	GlobalSection(ProjectConfigurationPlatforms) = postSolution
		{2465BA51-06FC-44D3-88EF-FFCDA5AEA20B}.Debug|Any CPU.ActiveCfg = Debug|Any CPU
		{2465BA51-06FC-44D3-88EF-FFCDA5AEA20B}.Debug|Any CPU.Build.0 = Debug|Any CPU
		{2465BA51-06FC-44D3-88EF-FFCDA5AEA20B}.Release|Any CPU.ActiveCfg = Release|Any CPU
		{2465BA51-06FC-44D3-88EF-FFCDA5AEA20B}.Release|Any CPU.Build.0 = Release|Any CPU
	EndGlobalSection
	GlobalSection(SolutionProperties) = preSolution
		HideSolutionNode = FALSE
	EndGlobalSection
	GlobalSection(ExtensibilityGlobals) = postSolution
		SolutionGuid = {6AED976D-02A0-45A0-BC54-38C6A14FC698}
	EndGlobalSection
EndGlobal
